
Microsoft Visual Studio Solution File, Format Version 12.00
# Visual Studio 15
VisualStudioVersion = 15.0.27428.2002
MinimumVisualStudioVersion = 10.0.40219.1
Project("{FAE04EC0-301F-11D3-BF4B-00C04F79EFBC}") = "YoloBeer", "YoloBeer\YoloBeer.csproj", "{C0F3E7D3-5239-4FF9-8596-BB1287CA40AE}"
EndProject
Global
	GlobalSection(SolutionConfigurationPlatforms) = preSolution
		Debug|Any CPU = Debug|Any CPU
		Release|Any CPU = Release|Any CPU
	EndGlobalSection
	GlobalSection(ProjectConfigurationPlatforms) = postSolution
		{C0F3E7D3-5239-4FF9-8596-BB1287CA40AE}.Debug|Any CPU.ActiveCfg = Debug|Any CPU
		{C0F3E7D3-5239-4FF9-8596-BB1287CA40AE}.Debug|Any CPU.Build.0 = Debug|Any CPU
		{C0F3E7D3-5239-4FF9-8596-BB1287CA40AE}.Release|Any CPU.ActiveCfg = Release|Any CPU
		{C0F3E7D3-5239-4FF9-8596-BB1287CA40AE}.Release|Any CPU.Build.0 = Release|Any CPU
	EndGlobalSection
	GlobalSection(SolutionProperties) = preSolution
		HideSolutionNode = FALSE
	EndGlobalSection
	GlobalSection(ExtensibilityGlobals) = postSolution
		SolutionGuid = {1E1DAD92-5244-41FB-80EA-8BAD1FF850C2}
	EndGlobalSection
EndGlobal
